// !$*UTF8*$!
{
	archiveVersion = 1;
	classes = {
	};
	objectVersion = 50;
	objects = {

/* Begin PBXBuildFile section */
		273EA3B04C4AA252667E6FB5 /* libPods-BMKTestDemo.a in Frameworks */ = {isa = PBXBuildFile; fileRef = 237284D17BB9E785561B25E1 /* libPods-BMKTestDemo.a */; };
		7E2DCD3C2265BFD40053C33A /* AppDelegate.m in Sources */ = {isa = PBXBuildFile; fileRef = 7E2DCD3B2265BFD40053C33A /* AppDelegate.m */; };
		7E2DCD3F2265BFD40053C33A /* ViewController.m in Sources */ = {isa = PBXBuildFile; fileRef = 7E2DCD3E2265BFD40053C33A /* ViewController.m */; };
		7E2DCD422265BFD40053C33A /* Main.storyboard in Resources */ = {isa = PBXBuildFile; fileRef = 7E2DCD402265BFD40053C33A /* Main.storyboard */; };
		7E2DCD442265BFD60053C33A /* Assets.xcassets in Resources */ = {isa = PBXBuildFile; fileRef = 7E2DCD432265BFD60053C33A /* Assets.xcassets */; };
		7E2DCD472265BFD60053C33A /* LaunchScreen.storyboard in Resources */ = {isa = PBXBuildFile; fileRef = 7E2DCD452265BFD60053C33A /* LaunchScreen.storyboard */; };
		7E2DCD4A2265BFD60053C33A /* main.m in Sources */ = {isa = PBXBuildFile; fileRef = 7E2DCD492265BFD60053C33A /* main.m */; };
		7E2DCD542265BFD70053C33A /* BMKTestDemoTests.m in Sources */ = {isa = PBXBuildFile; fileRef = 7E2DCD532265BFD70053C33A /* BMKTestDemoTests.m */; };
		7E2DCD5F2265BFD70053C33A /* BMKTestDemoUITests.m in Sources */ = {isa = PBXBuildFile; fileRef = 7E2DCD5E2265BFD70053C33A /* BMKTestDemoUITests.m */; };
		7EF6488A22670948002659FE /* LocationSingleton.m in Sources */ = {isa = PBXBuildFile; fileRef = 7EF6488922670948002659FE /* LocationSingleton.m */; };
/* End PBXBuildFile section */

/* Begin PBXContainerItemProxy section */
		7E2DCD502265BFD70053C33A /* PBXContainerItemProxy */ = {
			isa = PBXContainerItemProxy;
			containerPortal = 7E2DCD2F2265BFD40053C33A /* Project object */;
			proxyType = 1;
			remoteGlobalIDString = 7E2DCD362265BFD40053C33A;
			remoteInfo = BMKTestDemo;
		};
		7E2DCD5B2265BFD70053C33A /* PBXContainerItemProxy */ = {
			isa = PBXContainerItemProxy;
			containerPortal = 7E2DCD2F2265BFD40053C33A /* Project object */;
			proxyType = 1;
			remoteGlobalIDString = 7E2DCD362265BFD40053C33A;
			remoteInfo = BMKTestDemo;
		};
/* End PBXContainerItemProxy section */

/* Begin PBXFileReference section */
		237284D17BB9E785561B25E1 /* libPods-BMKTestDemo.a */ = {isa = PBXFileReference; explicitFileType = archive.ar; includeInIndex = 0; path = "libPods-BMKTestDemo.a"; sourceTree = BUILT_PRODUCTS_DIR; };
		485DE8F3E982B6A71704D89F /* Pods-BMKTestDemo.debug.xcconfig */ = {isa = PBXFileReference; includeInIndex = 1; lastKnownFileType = text.xcconfig; name = "Pods-BMKTestDemo.debug.xcconfig"; path = "Target Support Files/Pods-BMKTestDemo/Pods-BMKTestDemo.debug.xcconfig"; sourceTree = "<group>"; };
		564767DC97473A3C305F656A /* Pods-BMKTestDemo.release.xcconfig */ = {isa = PBXFileReference; includeInIndex = 1; lastKnownFileType = text.xcconfig; name = "Pods-BMKTestDemo.release.xcconfig"; path = "Target Support Files/Pods-BMKTestDemo/Pods-BMKTestDemo.release.xcconfig"; sourceTree = "<group>"; };
		7E2DCD372265BFD40053C33A /* BMKTestDemo.app */ = {isa = PBXFileReference; explicitFileType = wrapper.application; includeInIndex = 0; path = BMKTestDemo.app; sourceTree = BUILT_PRODUCTS_DIR; };
		7E2DCD3A2265BFD40053C33A /* AppDelegate.h */ = {isa = PBXFileReference; lastKnownFileType = sourcecode.c.h; path = AppDelegate.h; sourceTree = "<group>"; };
		7E2DCD3B2265BFD40053C33A /* AppDelegate.m */ = {isa = PBXFileReference; lastKnownFileType = sourcecode.c.objc; path = AppDelegate.m; sourceTree = "<group>"; };
		7E2DCD3D2265BFD40053C33A /* ViewController.h */ = {isa = PBXFileReference; lastKnownFileType = sourcecode.c.h; path = ViewController.h; sourceTree = "<group>"; };
		7E2DCD3E2265BFD40053C33A /* ViewController.m */ = {isa = PBXFileReference; lastKnownFileType = sourcecode.c.objc; path = ViewController.m; sourceTree = "<group>"; };
		7E2DCD412265BFD40053C33A /* Base */ = {isa = PBXFileReference; lastKnownFileType = file.storyboard; name = Base; path = Base.lproj/Main.storyboard; sourceTree = "<group>"; };
		7E2DCD432265BFD60053C33A /* Assets.xcassets */ = {isa = PBXFileReference; lastKnownFileType = folder.assetcatalog; path = Assets.xcassets; sourceTree = "<group>"; };
		7E2DCD462265BFD60053C33A /* Base */ = {isa = PBXFileReference; lastKnownFileType = file.storyboard; name = Base; path = Base.lproj/LaunchScreen.storyboard; sourceTree = "<group>"; };
		7E2DCD482265BFD60053C33A /* Info.plist */ = {isa = PBXFileReference; lastKnownFileType = text.plist.xml; path = Info.plist; sourceTree = "<group>"; };
		7E2DCD492265BFD60053C33A /* main.m */ = {isa = PBXFileReference; lastKnownFileType = sourcecode.c.objc; path = main.m; sourceTree = "<group>"; };
		7E2DCD4F2265BFD60053C33A /* BMKTestDemoTests.xctest */ = {isa = PBXFileReference; explicitFileType = wrapper.cfbundle; includeInIndex = 0; path = BMKTestDemoTests.xctest; sourceTree = BUILT_PRODUCTS_DIR; };
		7E2DCD532265BFD70053C33A /* BMKTestDemoTests.m */ = {isa = PBXFileReference; lastKnownFileType = sourcecode.c.objc; path = BMKTestDemoTests.m; sourceTree = "<group>"; };
		7E2DCD552265BFD70053C33A /* Info.plist */ = {isa = PBXFileReference; lastKnownFileType = text.plist.xml; path = Info.plist; sourceTree = "<group>"; };
		7E2DCD5A2265BFD70053C33A /* BMKTestDemoUITests.xctest */ = {isa = PBXFileReference; explicitFileType = wrapper.cfbundle; includeInIndex = 0; path = BMKTestDemoUITests.xctest; sourceTree = BUILT_PRODUCTS_DIR; };
		7E2DCD5E2265BFD70053C33A /* BMKTestDemoUITests.m */ = {isa = PBXFileReference; lastKnownFileType = sourcecode.c.objc; path = BMKTestDemoUITests.m; sourceTree = "<group>"; };
		7E2DCD602265BFD70053C33A /* Info.plist */ = {isa = PBXFileReference; lastKnownFileType = text.plist.xml; path = Info.plist; sourceTree = "<group>"; };
		7EF6488822670948002659FE /* LocationSingleton.h */ = {isa = PBXFileReference; lastKnownFileType = sourcecode.c.h; path = LocationSingleton.h; sourceTree = "<group>"; };
		7EF6488922670948002659FE /* LocationSingleton.m */ = {isa = PBXFileReference; lastKnownFileType = sourcecode.c.objc; path = LocationSingleton.m; sourceTree = "<group>"; };
/* End PBXFileReference section */

/* Begin PBXFrameworksBuildPhase section */
		7E2DCD342265BFD40053C33A /* Frameworks */ = {
			isa = PBXFrameworksBuildPhase;
			buildActionMask = 2147483647;
			files = (
				273EA3B04C4AA252667E6FB5 /* libPods-BMKTestDemo.a in Frameworks */,
			);
			runOnlyForDeploymentPostprocessing = 0;
		};
		7E2DCD4C2265BFD60053C33A /* Frameworks */ = {
			isa = PBXFrameworksBuildPhase;
			buildActionMask = 2147483647;
			files = (
			);
			runOnlyForDeploymentPostprocessing = 0;
		};
		7E2DCD572265BFD70053C33A /* Frameworks */ = {
			isa = PBXFrameworksBuildPhase;
			buildActionMask = 2147483647;
			files = (
			);
			runOnlyForDeploymentPostprocessing = 0;
		};
/* End PBXFrameworksBuildPhase section */

/* Begin PBXGroup section */
		0F4D8E9FD5FDB207CF8DA432 /* Frameworks */ = {
			isa = PBXGroup;
			children = (
				237284D17BB9E785561B25E1 /* libPods-BMKTestDemo.a */,
			);
			name = Frameworks;
			sourceTree = "<group>";
		};
		594F69354898CFEC8B6896BE /* Pods */ = {
			isa = PBXGroup;
			children = (
				485DE8F3E982B6A71704D89F /* Pods-BMKTestDemo.debug.xcconfig */,
				564767DC97473A3C305F656A /* Pods-BMKTestDemo.release.xcconfig */,
			);
			path = Pods;
			sourceTree = "<group>";
		};
		7E2DCD2E2265BFD40053C33A = {
			isa = PBXGroup;
			children = (
				7E2DCD392265BFD40053C33A /* BMKTestDemo */,
				7E2DCD522265BFD70053C33A /* BMKTestDemoTests */,
				7E2DCD5D2265BFD70053C33A /* BMKTestDemoUITests */,
				7E2DCD382265BFD40053C33A /* Products */,
				594F69354898CFEC8B6896BE /* Pods */,
				0F4D8E9FD5FDB207CF8DA432 /* Frameworks */,
			);
			sourceTree = "<group>";
		};
		7E2DCD382265BFD40053C33A /* Products */ = {
			isa = PBXGroup;
			children = (
				7E2DCD372265BFD40053C33A /* BMKTestDemo.app */,
				7E2DCD4F2265BFD60053C33A /* BMKTestDemoTests.xctest */,
				7E2DCD5A2265BFD70053C33A /* BMKTestDemoUITests.xctest */,
			);
			name = Products;
			sourceTree = "<group>";
		};
		7E2DCD392265BFD40053C33A /* BMKTestDemo */ = {
			isa = PBXGroup;
			children = (
				7E2DCD3A2265BFD40053C33A /* AppDelegate.h */,
				7E2DCD3B2265BFD40053C33A /* AppDelegate.m */,
				7E2DCD3D2265BFD40053C33A /* ViewController.h */,
				7E2DCD3E2265BFD40053C33A /* ViewController.m */,
				7E2DCD402265BFD40053C33A /* Main.storyboard */,
				7E2DCD432265BFD60053C33A /* Assets.xcassets */,
				7E2DCD452265BFD60053C33A /* LaunchScreen.storyboard */,
				7E2DCD482265BFD60053C33A /* Info.plist */,
				7E2DCD492265BFD60053C33A /* main.m */,
				7EF6488822670948002659FE /* LocationSingleton.h */,
				7EF6488922670948002659FE /* LocationSingleton.m */,
			);
			path = BMKTestDemo;
			sourceTree = "<group>";
		};
		7E2DCD522265BFD70053C33A /* BMKTestDemoTests */ = {
			isa = PBXGroup;
			children = (
				7E2DCD532265BFD70053C33A /* BMKTestDemoTests.m */,
				7E2DCD552265BFD70053C33A /* Info.plist */,
			);
			path = BMKTestDemoTests;
			sourceTree = "<group>";
		};
		7E2DCD5D2265BFD70053C33A /* BMKTestDemoUITests */ = {
			isa = PBXGroup;
			children = (
				7E2DCD5E2265BFD70053C33A /* BMKTestDemoUITests.m */,
				7E2DCD602265BFD70053C33A /* Info.plist */,
			);
			path = BMKTestDemoUITests;
			sourceTree = "<group>";
		};
/* End PBXGroup section */

/* Begin PBXNativeTarget section */
		7E2DCD362265BFD40053C33A /* BMKTestDemo */ = {
			isa = PBXNativeTarget;
			buildConfigurationList = 7E2DCD632265BFD70053C33A /* Build configuration list for PBXNativeTarget "BMKTestDemo" */;
			buildPhases = (
				ACA04369FFA07DD4C4E5F676 /* [CP] Check Pods Manifest.lock */,
				7E2DCD332265BFD40053C33A /* Sources */,
				7E2DCD342265BFD40053C33A /* Frameworks */,
				7E2DCD352265BFD40053C33A /* Resources */,
				17C642DF9BB440A87AE1DDDF /* [CP] Copy Pods Resources */,
			);
			buildRules = (
			);
			dependencies = (
			);
			name = BMKTestDemo;
			productName = BMKTestDemo;
			productReference = 7E2DCD372265BFD40053C33A /* BMKTestDemo.app */;
			productType = "com.apple.product-type.application";
		};
		7E2DCD4E2265BFD60053C33A /* BMKTestDemoTests */ = {
			isa = PBXNativeTarget;
			buildConfigurationList = 7E2DCD662265BFD70053C33A /* Build configuration list for PBXNativeTarget "BMKTestDemoTests" */;
			buildPhases = (
				7E2DCD4B2265BFD60053C33A /* Sources */,
				7E2DCD4C2265BFD60053C33A /* Frameworks */,
				7E2DCD4D2265BFD60053C33A /* Resources */,
			);
			buildRules = (
			);
			dependencies = (
				7E2DCD512265BFD70053C33A /* PBXTargetDependency */,
			);
			name = BMKTestDemoTests;
			productName = BMKTestDemoTests;
			productReference = 7E2DCD4F2265BFD60053C33A /* BMKTestDemoTests.xctest */;
			productType = "com.apple.product-type.bundle.unit-test";
		};
		7E2DCD592265BFD70053C33A /* BMKTestDemoUITests */ = {
			isa = PBXNativeTarget;
			buildConfigurationList = 7E2DCD692265BFD70053C33A /* Build configuration list for PBXNativeTarget "BMKTestDemoUITests" */;
			buildPhases = (
				7E2DCD562265BFD70053C33A /* Sources */,
				7E2DCD572265BFD70053C33A /* Frameworks */,
				7E2DCD582265BFD70053C33A /* Resources */,
			);
			buildRules = (
			);
			dependencies = (
				7E2DCD5C2265BFD70053C33A /* PBXTargetDependency */,
			);
			name = BMKTestDemoUITests;
			productName = BMKTestDemoUITests;
			productReference = 7E2DCD5A2265BFD70053C33A /* BMKTestDemoUITests.xctest */;
			productType = "com.apple.product-type.bundle.ui-testing";
		};
/* End PBXNativeTarget section */

/* Begin PBXProject section */
		7E2DCD2F2265BFD40053C33A /* Project object */ = {
			isa = PBXProject;
			attributes = {
				LastUpgradeCheck = 1020;
				ORGANIZATIONNAME = john.jiang;
				TargetAttributes = {
					7E2DCD362265BFD40053C33A = {
						CreatedOnToolsVersion = 10.2;
					};
					7E2DCD4E2265BFD60053C33A = {
						CreatedOnToolsVersion = 10.2;
						TestTargetID = 7E2DCD362265BFD40053C33A;
					};
					7E2DCD592265BFD70053C33A = {
						CreatedOnToolsVersion = 10.2;
						TestTargetID = 7E2DCD362265BFD40053C33A;
					};
				};
			};
			buildConfigurationList = 7E2DCD322265BFD40053C33A /* Build configuration list for PBXProject "BMKTestDemo" */;
			compatibilityVersion = "Xcode 9.3";
			developmentRegion = en;
			hasScannedForEncodings = 0;
			knownRegions = (
				en,
				Base,
			);
			mainGroup = 7E2DCD2E2265BFD40053C33A;
			productRefGroup = 7E2DCD382265BFD40053C33A /* Products */;
			projectDirPath = "";
			projectRoot = "";
			targets = (
				7E2DCD362265BFD40053C33A /* BMKTestDemo */,
				7E2DCD4E2265BFD60053C33A /* BMKTestDemoTests */,
				7E2DCD592265BFD70053C33A /* BMKTestDemoUITests */,
			);
		};
/* End PBXProject section */

/* Begin PBXResourcesBuildPhase section */
		7E2DCD352265BFD40053C33A /* Resources */ = {
			isa = PBXResourcesBuildPhase;
			buildActionMask = 2147483647;
			files = (
				7E2DCD472265BFD60053C33A /* LaunchScreen.storyboard in Resources */,
				7E2DCD442265BFD60053C33A /* Assets.xcassets in Resources */,
				7E2DCD422265BFD40053C33A /* Main.storyboard in Resources */,
			);
			runOnlyForDeploymentPostprocessing = 0;
		};
		7E2DCD4D2265BFD60053C33A /* Resources */ = {
			isa = PBXResourcesBuildPhase;
			buildActionMask = 2147483647;
			files = (
			);
			runOnlyForDeploymentPostprocessing = 0;
		};
		7E2DCD582265BFD70053C33A /* Resources */ = {
			isa = PBXResourcesBuildPhase;
			buildActionMask = 2147483647;
			files = (
			);
			runOnlyForDeploymentPostprocessing = 0;
		};
/* End PBXResourcesBuildPhase section */

/* Begin PBXShellScriptBuildPhase section */
		17C642DF9BB440A87AE1DDDF /* [CP] Copy Pods Resources */ = {
			isa = PBXShellScriptBuildPhase;
			buildActionMask = 2147483647;
			files = (
			);
			inputFileListPaths = (
			);
			inputPaths = (
				"${PODS_ROOT}/Target Support Files/Pods-BMKTestDemo/Pods-BMKTestDemo-resources.sh",
				"${PODS_ROOT}/BaiduMapKit/BaiduMapKit/BaiduMapAPI_Map.framework/mapapi.bundle",
			);
			name = "[CP] Copy Pods Resources";
			outputFileListPaths = (
			);
			outputPaths = (
				"${TARGET_BUILD_DIR}/${UNLOCALIZED_RESOURCES_FOLDER_PATH}/mapapi.bundle",
			);
			runOnlyForDeploymentPostprocessing = 0;
			shellPath = /bin/sh;
			shellScript = "\"${PODS_ROOT}/Target Support Files/Pods-BMKTestDemo/Pods-BMKTestDemo-resources.sh\"\n";
			showEnvVarsInLog = 0;
		};
		ACA04369FFA07DD4C4E5F676 /* [CP] Check Pods Manifest.lock */ = {
			isa = PBXShellScriptBuildPhase;
			buildActionMask = 2147483647;
			files = (
			);
			inputFileListPaths = (
			);
			inputPaths = (
				"${PODS_PODFILE_DIR_PATH}/Podfile.lock",
				"${PODS_ROOT}/Manifest.lock",
			);
			name = "[CP] Check Pods Manifest.lock";
			outputFileListPaths = (
			);
			outputPaths = (
				"$(DERIVED_FILE_DIR)/Pods-BMKTestDemo-checkManifestLockResult.txt",
			);
			runOnlyForDeploymentPostprocessing = 0;
			shellPath = /bin/sh;
			shellScript = "diff \"${PODS_PODFILE_DIR_PATH}/Podfile.lock\" \"${PODS_ROOT}/Manifest.lock\" > /dev/null\nif [ $? != 0 ] ; then\n    # print error to STDERR\n    echo \"error: The sandbox is not in sync with the Podfile.lock. Run 'pod install' or update your CocoaPods installation.\" >&2\n    exit 1\nfi\n# This output is used by Xcode 'outputs' to avoid re-running this script phase.\necho \"SUCCESS\" > \"${SCRIPT_OUTPUT_FILE_0}\"\n";
			showEnvVarsInLog = 0;
		};
/* End PBXShellScriptBuildPhase section */

/* Begin PBXSourcesBuildPhase section */
		7E2DCD332265BFD40053C33A /* Sources */ = {
			isa = PBXSourcesBuildPhase;
			buildActionMask = 2147483647;
			files = (
				7E2DCD3F2265BFD40053C33A /* ViewController.m in Sources */,
				7E2DCD4A2265BFD60053C33A /* main.m in Sources */,
				7EF6488A22670948002659FE /* LocationSingleton.m in Sources */,
				7E2DCD3C2265BFD40053C33A /* AppDelegate.m in Sources */,
			);
			runOnlyForDeploymentPostprocessing = 0;
		};
		7E2DCD4B2265BFD60053C33A /* Sources */ = {
			isa = PBXSourcesBuildPhase;
			buildActionMask = 2147483647;
			files = (
				7E2DCD542265BFD70053C33A /* BMKTestDemoTests.m in Sources */,
			);
			runOnlyForDeploymentPostprocessing = 0;
		};
		7E2DCD562265BFD70053C33A /* Sources */ = {
			isa = PBXSourcesBuildPhase;
			buildActionMask = 2147483647;
			files = (
				7E2DCD5F2265BFD70053C33A /* BMKTestDemoUITests.m in Sources */,
			);
			runOnlyForDeploymentPostprocessing = 0;
		};
/* End PBXSourcesBuildPhase section */

/* Begin PBXTargetDependency section */
		7E2DCD512265BFD70053C33A /* PBXTargetDependency */ = {
			isa = PBXTargetDependency;
			target = 7E2DCD362265BFD40053C33A /* BMKTestDemo */;
			targetProxy = 7E2DCD502265BFD70053C33A /* PBXContainerItemProxy */;
		};
		7E2DCD5C2265BFD70053C33A /* PBXTargetDependency */ = {
			isa = PBXTargetDependency;
			target = 7E2DCD362265BFD40053C33A /* BMKTestDemo */;
			targetProxy = 7E2DCD5B2265BFD70053C33A /* PBXContainerItemProxy */;
		};
/* End PBXTargetDependency section */

/* Begin PBXVariantGroup section */
		7E2DCD402265BFD40053C33A /* Main.storyboard */ = {
			isa = PBXVariantGroup;
			children = (
				7E2DCD412265BFD40053C33A /* Base */,
			);
			name = Main.storyboard;
			sourceTree = "<group>";
		};
		7E2DCD452265BFD60053C33A /* LaunchScreen.storyboard */ = {
			isa = PBXVariantGroup;
			children = (
				7E2DCD462265BFD60053C33A /* Base */,
			);
			name = LaunchScreen.storyboard;
			sourceTree = "<group>";
		};
/* End PBXVariantGroup section */

/* Begin XCBuildConfiguration section */
		7E2DCD612265BFD70053C33A /* Debug */ = {
			isa = XCBuildConfiguration;
			buildSettings = {
				ALWAYS_SEARCH_USER_PATHS = NO;
				CLANG_ANALYZER_NONNULL = YES;
				CLANG_ANALYZER_NUMBER_OBJECT_CONVERSION = YES_AGGRESSIVE;
				CLANG_CXX_LANGUAGE_STANDARD = "gnu++14";
				CLANG_CXX_LIBRARY = "libc++";
				CLANG_ENABLE_MODULES = YES;
				CLANG_ENABLE_OBJC_ARC = YES;
				CLANG_ENABLE_OBJC_WEAK = YES;
				CLANG_WARN_BLOCK_CAPTURE_AUTORELEASING = YES;
				CLANG_WARN_BOOL_CONVERSION = YES;
				CLANG_WARN_COMMA = YES;
				CLANG_WARN_CONSTANT_CONVERSION = YES;
				CLANG_WARN_DEPRECATED_OBJC_IMPLEMENTATIONS = YES;
				CLANG_WARN_DIRECT_OBJC_ISA_USAGE = YES_ERROR;
				CLANG_WARN_DOCUMENTATION_COMMENTS = YES;
				CLANG_WARN_EMPTY_BODY = YES;
				CLANG_WARN_ENUM_CONVERSION = YES;
				CLANG_WARN_INFINITE_RECURSION = YES;
				CLANG_WARN_INT_CONVERSION = YES;
				CLANG_WARN_NON_LITERAL_NULL_CONVERSION = YES;
				CLANG_WARN_OBJC_IMPLICIT_RETAIN_SELF = YES;
				CLANG_WARN_OBJC_LITERAL_CONVERSION = YES;
				CLANG_WARN_OBJC_ROOT_CLASS = YES_ERROR;
				CLANG_WARN_RANGE_LOOP_ANALYSIS = YES;
				CLANG_WARN_STRICT_PROTOTYPES = YES;
				CLANG_WARN_SUSPICIOUS_MOVE = YES;
				CLANG_WARN_UNGUARDED_AVAILABILITY = YES_AGGRESSIVE;
				CLANG_WARN_UNREACHABLE_CODE = YES;
				CLANG_WARN__DUPLICATE_METHOD_MATCH = YES;
				CODE_SIGN_IDENTITY = "iPhone Developer";
				COPY_PHASE_STRIP = NO;
				DEBUG_INFORMATION_FORMAT = dwarf;
				ENABLE_STRICT_OBJC_MSGSEND = YES;
				ENABLE_TESTABILITY = YES;
				GCC_C_LANGUAGE_STANDARD = gnu11;
				GCC_DYNAMIC_NO_PIC = NO;
				GCC_NO_COMMON_BLOCKS = YES;
				GCC_OPTIMIZATION_LEVEL = 0;
				GCC_PREPROCESSOR_DEFINITIONS = (
					"DEBUG=1",
					"$(inherited)",
				);
				GCC_WARN_64_TO_32_BIT_CONVERSION = YES;
				GCC_WARN_ABOUT_RETURN_TYPE = YES_ERROR;
				GCC_WARN_UNDECLARED_SELECTOR = YES;
				GCC_WARN_UNINITIALIZED_AUTOS = YES_AGGRESSIVE;
				GCC_WARN_UNUSED_FUNCTION = YES;
				GCC_WARN_UNUSED_VARIABLE = YES;
				IPHONEOS_DEPLOYMENT_TARGET = 12.2;
				MTL_ENABLE_DEBUG_INFO = INCLUDE_SOURCE;
				MTL_FAST_MATH = YES;
				ONLY_ACTIVE_ARCH = YES;
				SDKROOT = iphoneos;
			};
			name = Debug;
		};
		7E2DCD622265BFD70053C33A /* Release */ = {
			isa = XCBuildConfiguration;
			buildSettings = {
				ALWAYS_SEARCH_USER_PATHS = NO;
				CLANG_ANALYZER_NONNULL = YES;
				CLANG_ANALYZER_NUMBER_OBJECT_CONVERSION = YES_AGGRESSIVE;
				CLANG_CXX_LANGUAGE_STANDARD = "gnu++14";
				CLANG_CXX_LIBRARY = "libc++";
				CLANG_ENABLE_MODULES = YES;
				CLANG_ENABLE_OBJC_ARC = YES;
				CLANG_ENABLE_OBJC_WEAK = YES;
				CLANG_WARN_BLOCK_CAPTURE_AUTORELEASING = YES;
				CLANG_WARN_BOOL_CONVERSION = YES;
				CLANG_WARN_COMMA = YES;
				CLANG_WARN_CONSTANT_CONVERSION = YES;
				CLANG_WARN_DEPRECATED_OBJC_IMPLEMENTATIONS = YES;
				CLANG_WARN_DIRECT_OBJC_ISA_USAGE = YES_ERROR;
				CLANG_WARN_DOCUMENTATION_COMMENTS = YES;
				CLANG_WARN_EMPTY_BODY = YES;
				CLANG_WARN_ENUM_CONVERSION = YES;
				CLANG_WARN_INFINITE_RECURSION = YES;
				CLANG_WARN_INT_CONVERSION = YES;
				CLANG_WARN_NON_LITERAL_NULL_CONVERSION = YES;
				CLANG_WARN_OBJC_IMPLICIT_RETAIN_SELF = YES;
				CLANG_WARN_OBJC_LITERAL_CONVERSION = YES;
				CLANG_WARN_OBJC_ROOT_CLASS = YES_ERROR;
				CLANG_WARN_RANGE_LOOP_ANALYSIS = YES;
				CLANG_WARN_STRICT_PROTOTYPES = YES;
				CLANG_WARN_SUSPICIOUS_MOVE = YES;
				CLANG_WARN_UNGUARDED_AVAILABILITY = YES_AGGRESSIVE;
				CLANG_WARN_UNREACHABLE_CODE = YES;
				CLANG_WARN__DUPLICATE_METHOD_MATCH = YES;
				CODE_SIGN_IDENTITY = "iPhone Developer";
				COPY_PHASE_STRIP = NO;
				DEBUG_INFORMATION_FORMAT = "dwarf-with-dsym";
				ENABLE_NS_ASSERTIONS = NO;
				ENABLE_STRICT_OBJC_MSGSEND = YES;
				GCC_C_LANGUAGE_STANDARD = gnu11;
				GCC_NO_COMMON_BLOCKS = YES;
				GCC_WARN_64_TO_32_BIT_CONVERSION = YES;
				GCC_WARN_ABOUT_RETURN_TYPE = YES_ERROR;
				GCC_WARN_UNDECLARED_SELECTOR = YES;
				GCC_WARN_UNINITIALIZED_AUTOS = YES_AGGRESSIVE;
				GCC_WARN_UNUSED_FUNCTION = YES;
				GCC_WARN_UNUSED_VARIABLE = YES;
				IPHONEOS_DEPLOYMENT_TARGET = 12.2;
				MTL_ENABLE_DEBUG_INFO = NO;
				MTL_FAST_MATH = YES;
				SDKROOT = iphoneos;
				VALIDATE_PRODUCT = YES;
			};
			name = Release;
		};
		7E2DCD642265BFD70053C33A /* Debug */ = {
			isa = XCBuildConfiguration;
			baseConfigurationReference = 485DE8F3E982B6A71704D89F /* Pods-BMKTestDemo.debug.xcconfig */;
			buildSettings = {
				ASSETCATALOG_COMPILER_APPICON_NAME = AppIcon;
				CODE_SIGN_STYLE = Automatic;
				DEVELOPMENT_TEAM = E72ZZ7293B;
				INFOPLIST_FILE = BMKTestDemo/Info.plist;
				LD_RUNPATH_SEARCH_PATHS = (
					"$(inherited)",
					"@executable_path/Frameworks",
				);
				PRODUCT_BUNDLE_IDENTIFIER = com.51job.BMKTestDemo;
				PRODUCT_NAME = "$(TARGET_NAME)";
				TARGETED_DEVICE_FAMILY = "1,2";
			};
			name = Debug;
		};
		7E2DCD652265BFD70053C33A /* Release */ = {
			isa = XCBuildConfiguration;
			baseConfigurationReference = 564767DC97473A3C305F656A /* Pods-BMKTestDemo.release.xcconfig */;
			buildSettings = {
				ASSETCATALOG_COMPILER_APPICON_NAME = AppIcon;
				CODE_SIGN_STYLE = Automatic;
				DEVELOPMENT_TEAM = E72ZZ7293B;
				INFOPLIST_FILE = BMKTestDemo/Info.plist;
				LD_RUNPATH_SEARCH_PATHS = (
					"$(inherited)",
					"@executable_path/Frameworks",
				);
				PRODUCT_BUNDLE_IDENTIFIER = com.51job.BMKTestDemo;
				PRODUCT_NAME = "$(TARGET_NAME)";
				TARGETED_DEVICE_FAMILY = "1,2";
			};
			name = Release;
		};
		7E2DCD672265BFD70053C33A /* Debug */ = {
			isa = XCBuildConfiguration;
			buildSettings = {
				BUNDLE_LOADER = "$(TEST_HOST)";
				CODE_SIGN_STYLE = Automatic;
				DEVELOPMENT_TEAM = E72ZZ7293B;
				INFOPLIST_FILE = BMKTestDemoTests/Info.plist;
				LD_RUNPATH_SEARCH_PATHS = (
					"$(inherited)",
					"@executable_path/Frameworks",
					"@loader_path/Frameworks",
				);
				PRODUCT_BUNDLE_IDENTIFIER = com.51job.BMKTestDemoTests;
				PRODUCT_NAME = "$(TARGET_NAME)";
				TARGETED_DEVICE_FAMILY = "1,2";
				TEST_HOST = "$(BUILT_PRODUCTS_DIR)/BMKTestDemo.app/BMKTestDemo";
			};
			name = Debug;
		};
		7E2DCD682265BFD70053C33A /* Release */ = {
			isa = XCBuildConfiguration;
			buildSettings = {
				BUNDLE_LOADER = "$(TEST_HOST)";
				CODE_SIGN_STYLE = Automatic;
				DEVELOPMENT_TEAM = E72ZZ7293B;
				INFOPLIST_FILE = BMKTestDemoTests/Info.plist;
				LD_RUNPATH_SEARCH_PATHS = (
					"$(inherited)",
					"@executable_path/Frameworks",
					"@loader_path/Frameworks",
				);
				PRODUCT_BUNDLE_IDENTIFIER = com.51job.BMKTestDemoTests;
				PRODUCT_NAME = "$(TARGET_NAME)";
				TARGETED_DEVICE_FAMILY = "1,2";
				TEST_HOST = "$(BUILT_PRODUCTS_DIR)/BMKTestDemo.app/BMKTestDemo";
			};
			name = Release;
		};
		7E2DCD6A2265BFD70053C33A /* Debug */ = {
			isa = XCBuildConfiguration;
			buildSettings = {
				CODE_SIGN_STYLE = Automatic;
				DEVELOPMENT_TEAM = E72ZZ7293B;
				INFOPLIST_FILE = BMKTestDemoUITests/Info.plist;
				LD_RUNPATH_SEARCH_PATHS = (
					"$(inherited)",
					"@executable_path/Frameworks",
					"@loader_path/Frameworks",
				);
				PRODUCT_BUNDLE_IDENTIFIER = com.51job.BMKTestDemoUITests;
				PRODUCT_NAME = "$(TARGET_NAME)";
				TARGETED_DEVICE_FAMILY = "1,2";
				TEST_TARGET_NAME = BMKTestDemo;
			};
			name = Debug;
		};
		7E2DCD6B2265BFD70053C33A /* Release */ = {
			isa = XCBuildConfiguration;
			buildSettings = {
				CODE_SIGN_STYLE = Automatic;
				DEVELOPMENT_TEAM = E72ZZ7293B;
				INFOPLIST_FILE = BMKTestDemoUITests/Info.plist;
				LD_RUNPATH_SEARCH_PATHS = (
					"$(inherited)",
					"@executable_path/Frameworks",
					"@loader_path/Frameworks",
				);
				PRODUCT_BUNDLE_IDENTIFIER = com.51job.BMKTestDemoUITests;
				PRODUCT_NAME = "$(TARGET_NAME)";
				TARGETED_DEVICE_FAMILY = "1,2";
				TEST_TARGET_NAME = BMKTestDemo;
			};
			name = Release;
		};
/* End XCBuildConfiguration section */

/* Begin XCConfigurationList section */
		7E2DCD322265BFD40053C33A /* Build configuration list for PBXProject "BMKTestDemo" */ = {
			isa = XCConfigurationList;
			buildConfigurations = (
				7E2DCD612265BFD70053C33A /* Debug */,
				7E2DCD622265BFD70053C33A /* Release */,
			);
			defaultConfigurationIsVisible = 0;
			defaultConfigurationName = Release;
		};
		7E2DCD632265BFD70053C33A /* Build configuration list for PBXNativeTarget "BMKTestDemo" */ = {
			isa = XCConfigurationList;
			buildConfigurations = (
				7E2DCD642265BFD70053C33A /* Debug */,
				7E2DCD652265BFD70053C33A /* Release */,
			);
			defaultConfigurationIsVisible = 0;
			defaultConfigurationName = Release;
		};
		7E2DCD662265BFD70053C33A /* Build configuration list for PBXNativeTarget "BMKTestDemoTests" */ = {
			isa = XCConfigurationList;
			buildConfigurations = (
				7E2DCD672265BFD70053C33A /* Debug */,
				7E2DCD682265BFD70053C33A /* Release */,
			);
			defaultConfigurationIsVisible = 0;
			defaultConfigurationName = Release;
		};
		7E2DCD692265BFD70053C33A /* Build configuration list for PBXNativeTarget "BMKTestDemoUITests" */ = {
			isa = XCConfigurationList;
			buildConfigurations = (
				7E2DCD6A2265BFD70053C33A /* Debug */,
				7E2DCD6B2265BFD70053C33A /* Release */,
			);
			defaultConfigurationIsVisible = 0;
			defaultConfigurationName = Release;
		};
/* End XCConfigurationList section */
	};
	rootObject = 7E2DCD2F2265BFD40053C33A /* Project object */;
}
